{
  "name": "@certiforge/config",
  "version": "0.1.0",
  "lockfileVersion": 3,
  "requires": true,
  "packages": {
    "": {
      "name": "@certiforge/config",
      "version": "0.1.0",
      "dependencies": {
        "@prisma/client": "^7.10.0",
        "archiver": "^7.0.0",
        "dotenv": "^16.3.1",
        "folder-hash": "^4.1.3"
      },
      "devDependencies": {
        "@types/node": "^20.0.0",
        "typescript": "^5.6.0"
      }
    },
    "../../node_modules/.pnpm/@prisma+client@7.10.0_prism_af9cc47cce5671f9c5797a0d26ea401c/node_modules/@prisma/client": {
      "version": "7.10.0",
      "license": "Apache-2.0",
      "dependencies": {
        "@prisma/client-runtime-utils": "7.10.0"
      },
      "devDependencies": {
        "@cloudflare/workers-types": "^4.20251014.0",
        "@codspeed/benchmark.js-plugin": "4.0.0",
        "@faker-js/faker": "9.6.0",
        "@fast-check/jest": "2.0.3",
        "@hono/node-server": "^1.19.14",
        "@inquirer/prompts": "7.3.3",
        "@jest/create-cache-key-function": "29.7.0",
        "@jest/globals": "29.7.0",
        "@jest/test-sequencer": "29.7.0",
        "@libsql/client": "0.8.1",
        "@neondatabase/serverless": "0.10.2",
        "@opentelemetry/api": "1.9.0",
        "@opentelemetry/context-async-hooks": "2.1.0",
        "@opentelemetry/instrumentation": "0.206.0",
        "@opentelemetry/resources": "2.1.0",
        "@opentelemetry/sdk-trace-base": "2.1.0",
        "@opentelemetry/semantic-conventions": "1.37.0",
        "@planetscale/database": "1.19.0",
        "@prisma/adapter-better-sqlite3": "7.10.0",
        "@prisma/adapter-d1": "7.10.0",
        "@prisma/adapter-libsql": "7.10.0",
        "@prisma/adapter-mariadb": "7.10.0",
        "@prisma/adapter-mssql": "7.10.0",
        "@prisma/adapter-neon": "7.10.0",
        "@prisma/adapter-pg": "7.10.0",
        "@prisma/adapter-planetscale": "7.10.0",
        "@prisma/client-common": "7.10.0",
        "@prisma/client-engine-runtime": "7.10.0",
        "@prisma/client-generator-js": "7.10.0",
        "@prisma/client-generator-ts": "7.10.0",
        "@prisma/config": "7.10.0",
        "@prisma/debug": "7.10.0",
        "@prisma/dmmf": "7.10.0",
        "@prisma/driver-adapter-utils": "7.10.0",
        "@prisma/engines": "7.10.0",
        "@prisma/engines-version": "7.10.0-4.0edf323efd1d98336f3f0a68684b56f689b900d3",
        "@prisma/fetch-engine": "7.10.0",
        "@prisma/generator": "7.10.0",
        "@prisma/generator-helper": "7.10.0",
        "@prisma/get-platform": "7.10.0",
        "@prisma/instrumentation": "7.10.0",
        "@prisma/instrumentation-contract": "7.10.0",
        "@prisma/internals": "7.10.0",
        "@prisma/json-protocol": "7.10.0",
        "@prisma/migrate": "7.10.0",
        "@prisma/param-graph": "7.10.0",
        "@prisma/param-graph-builder": "7.10.0",
        "@prisma/query-compiler-wasm": "7.10.0-4.0edf323efd1d98336f3f0a68684b56f689b900d3",
        "@prisma/query-plan-executor": "7.10.0",
        "@prisma/sqlcommenter": "7.10.0",
        "@prisma/sqlcommenter-trace-context": "7.10.0",
        "@prisma/ts-builders": "7.10.0",
        "@snaplet/copycat": "6.0.0",
        "@swc-node/register": "1.10.9",
        "@swc/core": "1.11.5",
        "@swc/jest": "0.2.37",
        "@timsuchanek/copy": "1.4.5",
        "@types/debug": "4.1.12",
        "@types/fs-extra": "11.0.4",
        "@types/jest": "29.5.14",
        "@types/js-levenshtein": "1.1.3",
        "@types/mssql": "9.1.8",
        "@types/node": "~20.19.24",
        "@types/pg": "8.11.11",
        "arg": "5.0.2",
        "benchmark": "2.1.4",
        "cookie-es": "2.0.0",
        "execa": "8.0.1",
        "expect-type": "1.2.2",
        "fs-extra": "11.3.0",
        "get-stream": "6.0.1",
        "globby": "11.1.0",
        "indent-string": "4.0.0",
        "jest": "29.7.0",
        "jest-extended": "4.0.2",
        "jest-junit": "17.0.0",
        "jest-serializer-ansi-escapes": "4.0.0",
        "jest-snapshot": "29.7.0",
        "js-levenshtein": "1.1.6",
        "kleur": "4.1.5",
        "klona": "2.0.6",
        "mariadb": "3.4.5",
        "memfs": "4.17.2",
        "mssql": "11.0.1",
        "new-github-issue-url": "0.2.1",
        "p-retry": "4.6.2",
        "pg": "8.14.1",
        "resolve": "1.22.10",
        "simple-statistics": "7.8.8",
        "sort-keys": "5.1.0",
        "source-map-support": "0.5.21",
        "stacktrace-parser": "0.1.11",
        "strip-ansi": "7.1.0",
        "strip-indent": "4.0.0",
        "tempy": "3.0.0",
        "ts-pattern": "5.9.0",
        "tsd": "0.31.2",
        "typescript": "5.4.5",
        "undici": "7.4.0",
        "zx": "8.4.1"
      },
      "engines": {
        "node": "^20.19 || ^22.12 || >=24.0"
      },
      "peerDependencies": {
        "prisma": "*",
        "typescript": ">=5.4.0"
      },
      "peerDependenciesMeta": {
        "prisma": {
          "optional": true
        },
        "typescript": {
          "optional": true
        }
      }
    },
    "../../node_modules/.pnpm/@types+node@20.19.43/node_modules/@types/node": {
      "version": "20.19.43",
      "dev": true,
      "license": "MIT",
      "dependencies": {
        "undici-types": "~6.21.0"
      }
    },
    "../../node_modules/.pnpm/archiver@7.0.1/node_modules/archiver": {
      "version": "7.0.1",
      "license": "MIT",
      "dependencies": {
        "archiver-utils": "^5.0.2",
        "async": "^3.2.4",
        "buffer-crc32": "^1.0.0",
        "readable-stream": "^4.0.0",
        "readdir-glob": "^1.1.2",
        "tar-stream": "^3.0.0",
        "zip-stream": "^6.0.1"
      },
      "devDependencies": {
        "archiver-jsdoc-theme": "1.1.3",
        "chai": "4.4.1",
        "jsdoc": "4.0.2",
        "mkdirp": "3.0.1",
        "mocha": "10.3.0",
        "rimraf": "5.0.5",
        "stream-bench": "0.1.2",
        "tar": "6.2.0",
        "yauzl": "3.1.2"
      },
      "engines": {
        "node": ">= 14"
      }
    },
    "../../node_modules/.pnpm/dotenv@16.6.1/node_modules/dotenv": {
      "version": "16.6.1",
      "license": "BSD-2-Clause",
      "devDependencies": {
        "@types/node": "^18.11.3",
        "decache": "^4.6.2",
        "sinon": "^14.0.1",
        "standard": "^17.0.0",
        "standard-version": "^9.5.0",
        "tap": "^19.2.0",
        "typescript": "^4.8.4"
      },
      "engines": {
        "node": ">=12"
      },
      "funding": {
        "url": "https://dotenvx.com"
      }
    },
    "../../node_modules/.pnpm/folder-hash@4.1.3/node_modules/folder-hash": {
      "version": "4.1.3",
      "license": "MIT",
      "dependencies": {
        "debug": "4.4.0",
        "minimatch": "7.4.9"
      },
      "bin": {
        "folder-hash": "bin/folder-hash"
      },
      "devDependencies": {
        "chai": "^4.3.6",
        "chai-as-promised": "^7.1.1",
        "clone": "^2.1.2",
        "ignore": "^5.2.0",
        "jsdoc": "4.0.2",
        "memfs": "^3.4.1",
        "mocha": "11.0.1",
        "nyc": "17.1.0",
        "prettier": "~2.8.2"
      },
      "engines": {
        "node": ">=10.10.0"
      }
    },
    "../../node_modules/.pnpm/typescript@5.9.3/node_modules/typescript": {
      "version": "5.9.3",
      "dev": true,
      "license": "Apache-2.0",
      "bin": {
        "tsc": "bin/tsc",
        "tsserver": "bin/tsserver"
      },
      "devDependencies": {
        "@dprint/formatter": "^0.4.1",
        "@dprint/typescript": "0.93.4",
        "@esfx/canceltoken": "^1.0.0",
        "@eslint/js": "^9.20.0",
        "@octokit/rest": "^21.1.1",
        "@types/chai": "^4.3.20",
        "@types/diff": "^7.0.1",
        "@types/minimist": "^1.2.5",
        "@types/mocha": "^10.0.10",
        "@types/ms": "^0.7.34",
        "@types/node": "latest",
        "@types/source-map-support": "^0.5.10",
        "@types/which": "^3.0.4",
        "@typescript-eslint/rule-tester": "^8.24.1",
        "@typescript-eslint/type-utils": "^8.24.1",
        "@typescript-eslint/utils": "^8.24.1",
        "azure-devops-node-api": "^14.1.0",
        "c8": "^10.1.3",
        "chai": "^4.5.0",
        "chokidar": "^4.0.3",
        "diff": "^7.0.0",
        "dprint": "^0.49.0",
        "esbuild": "^0.25.0",
        "eslint": "^9.20.1",
        "eslint-formatter-autolinkable-stylish": "^1.4.0",
        "eslint-plugin-regexp": "^2.7.0",
        "fast-xml-parser": "^4.5.2",
        "glob": "^10.4.5",
        "globals": "^15.15.0",
        "hereby": "^1.10.0",
        "jsonc-parser": "^3.3.1",
        "knip": "^5.44.4",
        "minimist": "^1.2.8",
        "mocha": "^10.8.2",
        "mocha-fivemat-progress-reporter": "^0.1.0",
        "monocart-coverage-reports": "^2.12.1",
        "ms": "^2.1.3",
        "picocolors": "^1.1.1",
        "playwright": "^1.50.1",
        "source-map-support": "^0.5.21",
        "tslib": "^2.8.1",
        "typescript": "^5.7.3",
        "typescript-eslint": "^8.24.1",
        "which": "^3.0.1"
      },
      "engines": {
        "node": ">=14.17"
      }
    },
    "node_modules/@prisma/client": {
      "resolved": "../../node_modules/.pnpm/@prisma+client@7.10.0_prism_af9cc47cce5671f9c5797a0d26ea401c/node_modules/@prisma/client",
      "link": true
    },
    "node_modules/@types/node": {
      "resolved": "../../node_modules/.pnpm/@types+node@20.19.43/node_modules/@types/node",
      "link": true
    },
    "node_modules/archiver": {
      "resolved": "../../node_modules/.pnpm/archiver@7.0.1/node_modules/archiver",
      "link": true
    },
    "node_modules/dotenv": {
      "resolved": "../../node_modules/.pnpm/dotenv@16.6.1/node_modules/dotenv",
      "link": true
    },
    "node_modules/folder-hash": {
      "resolved": "../../node_modules/.pnpm/folder-hash@4.1.3/node_modules/folder-hash",
      "link": true
    },
    "node_modules/typescript": {
      "resolved": "../../node_modules/.pnpm/typescript@5.9.3/node_modules/typescript",
      "link": true
    }
  }
}
